
Microsoft Visual Studio Solution File, Format Version 12.00
# Visual Studio Version 17
VisualStudioVersion = 17.7.34221.43
MinimumVisualStudioVersion = 10.0.40219.1
Project("{FAE04EC0-301F-11D3-BF4B-00C04F79EFBC}") = "C sharp codes", "C sharp codes.csproj", "{7FE17B69-455E-490A-8193-D60E4B97224D}"
EndProject
Global
	GlobalSection(SolutionConfigurationPlatforms) = preSolution
		Debug|Any CPU = Debug|Any CPU
		Release|Any CPU = Release|Any CPU
	EndGlobalSection
	GlobalSection(ProjectConfigurationPlatforms) = postSolution
		{7FE17B69-455E-490A-8193-D60E4B97224D}.Debug|Any CPU.ActiveCfg = Debug|Any CPU
		{7FE17B69-455E-490A-8193-D60E4B97224D}.Debug|Any CPU.Build.0 = Debug|Any CPU
		{7FE17B69-455E-490A-8193-D60E4B97224D}.Release|Any CPU.ActiveCfg = Release|Any CPU
		{7FE17B69-455E-490A-8193-D60E4B97224D}.Release|Any CPU.Build.0 = Release|Any CPU
	EndGlobalSection
	GlobalSection(SolutionProperties) = preSolution
		HideSolutionNode = FALSE
	EndGlobalSection
	GlobalSection(ExtensibilityGlobals) = postSolution
		SolutionGuid = {56560E0E-7A9B-4238-81BA-35058301D9F7}
	EndGlobalSection
EndGlobal
